
Microsoft Visual Studio Solution File, Format Version 12.00
# Visual Studio 15
VisualStudioVersion = 15.0.28307.1022
MinimumVisualStudioVersion = 10.0.40219.1
Project("{FAE04EC0-301F-11D3-BF4B-00C04F79EFBC}") = "HW", "HW\HW.csproj", "{B3E6CFDA-02B1-4A09-8E23-AE869ABD1049}"
EndProject
Global
	GlobalSection(SolutionConfigurationPlatforms) = preSolution
		Debug|Any CPU = Debug|Any CPU
		Release|Any CPU = Release|Any CPU
	EndGlobalSection
	GlobalSection(ProjectConfigurationPlatforms) = postSolution
		{B3E6CFDA-02B1-4A09-8E23-AE869ABD1049}.Debug|Any CPU.ActiveCfg = Debug|Any CPU
		{B3E6CFDA-02B1-4A09-8E23-AE869ABD1049}.Debug|Any CPU.Build.0 = Debug|Any CPU
		{B3E6CFDA-02B1-4A09-8E23-AE869ABD1049}.Release|Any CPU.ActiveCfg = Release|Any CPU
		{B3E6CFDA-02B1-4A09-8E23-AE869ABD1049}.Release|Any CPU.Build.0 = Release|Any CPU
	EndGlobalSection
	GlobalSection(SolutionProperties) = preSolution
		HideSolutionNode = FALSE
	EndGlobalSection
	GlobalSection(ExtensibilityGlobals) = postSolution
		SolutionGuid = {7AAF08A7-2AAD-4710-8903-813A647293CD}
	EndGlobalSection
EndGlobal
